
Microsoft Visual Studio Solution File, Format Version 12.00
# Visual Studio Version 17
VisualStudioVersion = 17.1.32328.378
MinimumVisualStudioVersion = 10.0.40219.1
Project("{FAE04EC0-301F-11D3-BF4B-00C04F79EFBC}") = "exercicioFixacao1", "exercicioFixacao1\exercicioFixacao1.csproj", "{ED3667E9-FEE8-4458-874F-AB3AD8666C7B}"
EndProject
Global
	GlobalSection(SolutionConfigurationPlatforms) = preSolution
		Debug|Any CPU = Debug|Any CPU
		Release|Any CPU = Release|Any CPU
	EndGlobalSection
	GlobalSection(ProjectConfigurationPlatforms) = postSolution
		{ED3667E9-FEE8-4458-874F-AB3AD8666C7B}.Debug|Any CPU.ActiveCfg = Debug|Any CPU
		{ED3667E9-FEE8-4458-874F-AB3AD8666C7B}.Debug|Any CPU.Build.0 = Debug|Any CPU
		{ED3667E9-FEE8-4458-874F-AB3AD8666C7B}.Release|Any CPU.ActiveCfg = Release|Any CPU
		{ED3667E9-FEE8-4458-874F-AB3AD8666C7B}.Release|Any CPU.Build.0 = Release|Any CPU
	EndGlobalSection
	GlobalSection(SolutionProperties) = preSolution
		HideSolutionNode = FALSE
	EndGlobalSection
	GlobalSection(ExtensibilityGlobals) = postSolution
		SolutionGuid = {E1BCA306-2E72-4125-A675-EAF078062EFD}
	EndGlobalSection
EndGlobal
