
Microsoft Visual Studio Solution File, Format Version 12.00
# Visual Studio Version 17
VisualStudioVersion = 17.1.32328.378
MinimumVisualStudioVersion = 10.0.40219.1
Project("{FAE04EC0-301F-11D3-BF4B-00C04F79EFBC}") = "contracts", "contracts\contracts.csproj", "{51F7133A-2AD0-42A1-ABB5-E5B1B7B9979F}"
EndProject
Global
	GlobalSection(SolutionConfigurationPlatforms) = preSolution
		Debug|Any CPU = Debug|Any CPU
		Release|Any CPU = Release|Any CPU
	EndGlobalSection
	GlobalSection(ProjectConfigurationPlatforms) = postSolution
		{51F7133A-2AD0-42A1-ABB5-E5B1B7B9979F}.Debug|Any CPU.ActiveCfg = Debug|Any CPU
		{51F7133A-2AD0-42A1-ABB5-E5B1B7B9979F}.Debug|Any CPU.Build.0 = Debug|Any CPU
		{51F7133A-2AD0-42A1-ABB5-E5B1B7B9979F}.Release|Any CPU.ActiveCfg = Release|Any CPU
		{51F7133A-2AD0-42A1-ABB5-E5B1B7B9979F}.Release|Any CPU.Build.0 = Release|Any CPU
	EndGlobalSection
	GlobalSection(SolutionProperties) = preSolution
		HideSolutionNode = FALSE
	EndGlobalSection
	GlobalSection(ExtensibilityGlobals) = postSolution
		SolutionGuid = {1B6E3FCF-9568-45DF-830A-98BED5800E26}
	EndGlobalSection
EndGlobal
